hash: 014e89a333041f46dabe55b044b98b7228fab1d9c207947e057a2583bb25983f
updated: 2018-02-26T09:14:38.53053489+01:00
imports:
- name: github.com/beorn7/perks
  version: 4c0e84591b9aa9e6dcfdf3e020114cd81f89d5f9
  subpackages:
  - quantile
- name: github.com/golang/glog
  version: 23def4e6c14b4da8ac2ed8007337bc5eb5007998
- name: github.com/golang/protobuf
  version: bbd03ef6da3a115852eaf24c8a1c46aeb39aa175
  subpackages:
  - proto
- name: github.com/google/gofuzz
  version: 24818f796faf91cd76ec7bddd72458fbced7a6c1
- name: github.com/googleapis/gnostic
  version: 15cf44e552f902c4f5a9a4276a4e8a48f2fb790a
  subpackages:
  - OpenAPIv2
- name: github.com/matttproud/golang_protobuf_extensions
  version: c12348ce28de40eed0136aa2b644d0ee0650e56c
  subpackages:
  - pbutil
- name: github.com/prometheus/client_golang
  version: c3324c1198cf3374996e9d3098edd46a6b55afc9
  subpackages:
  - prometheus
  - prometheus/promhttp
- name: github.com/prometheus/client_model
  version: 99fa1f4be8e564e8a6b613da7fa6f46c9edafc6c
  subpackages:
  - go
- name: github.com/prometheus/common
  version: 89604d197083d4781071d3c65855d24ecfb0a563
  subpackages:
  - expfmt
  - model
- name: github.com/prometheus/procfs
  version: 282c8707aa210456a825798969cc27edda34992a
- name: github.com/robfig/cron
  version: 2315d5715e36303a941d907f038da7f7c44c773b
- name: goji.io
  version: 0d89ff54b2c18c9c4ba530e32496aef902d3c6cd
  subpackages:
  - pat
- name: gopkg.in/yaml.v2
  version: 7f97868eec74b32b0982dd158a51a446d1da7eb5
- name: k8s.io/api
  version: b378c47b2dcba7f5c3ef97d8a5a0b3821ec6a001
  subpackages:
  - core/v1
- name: k8s.io/apimachinery
  version: cced8e64b6ca92a8b6afcbfea3353ca016694a45
  subpackages:
  - pkg/api/errors
  - pkg/apis/meta/v1
  - pkg/conversion
  - pkg/runtime
  - pkg/runtime/schema
  - pkg/runtime/serializer
  - pkg/util/runtime
  - pkg/util/wait
  - pkg/watch
- name: k8s.io/client-go
  version: e00c8f23c00e0935e9abf285596fe76f0b63c040
  subpackages:
  - discovery
  - discovery/fake
  - kubernetes
  - kubernetes/scheme
  - kubernetes/typed/core/v1
  - testing
  - tools/cache
  - tools/clientcmd
  - tools/record
  - util/flowcontrol
  - util/workqueue
- name: k8s.io/code-generator
  version: ac34b62827a65b275fbefe8e041d6f7dcf1f3438
- name: k8s.io/kube-openapi
  version: 50ae88d24ede7b8bad68e23c805b5d3da5c8abaf
  subpackages:
  - pkg/util/proto
testImports: []
